<?xml version="1.0" encoding="utf-8"?>
<Project ToolsVersion="4.0" xmlns="http://schemas.microsoft.com/developer/msbuild/2003">
  <ItemGroup>
    <ClCompile Include="AffineMotionPredictor.cpp">
      <Filter>Source Files</Filter>
    </ClCompile>
    <ClCompile Include="AffineTransform.cpp">
      <Filter>Source Files</Filter>
    </ClCompile>
    <ClCompile Include="Animation.cpp">
      <Filter>Source Files</Filter>
    </ClCompile>
    <ClCompile Include="Console.cpp">
      <Filter>Source Files</Filter>
    </ClCompile>
    <ClCompile Include="FileIO.cpp">
      <Filter>Source Files</Filter>
    </ClCompile>
    <ClCompile Include="hierarchicalpartitionner.cpp">
      <Filter>Source Files</Filter>
    </ClCompile>
    <ClCompile Include="IndexedFaceSet.cpp">
      <Filter>Source Files</Filter>
    </ClCompile>
    <ClCompile Include="LiftScheme.cpp">
      <Filter>Source Files</Filter>
    </ClCompile>
    <ClCompile Include="MathTools.cpp">
      <Filter>Source Files</Filter>
    </ClCompile>
    <ClCompile Include="MotionModel.cpp">
      <Filter>Source Files</Filter>
    </ClCompile>
    <ClCompile Include="pythag.cpp">
      <Filter>Source Files</Filter>
    </ClCompile>
    <ClCompile Include="svdcmp.cpp">
      <Filter>Source Files</Filter>
    </ClCompile>
  </ItemGroup>
  <ItemGroup>
    <ClInclude Include="AffineMotionPredictor.h">
      <Filter>Header Files</Filter>
    </ClInclude>
    <ClInclude Include="AffineTransform.h">
      <Filter>Header Files</Filter>
    </ClInclude>
    <ClInclude Include="Animation.h">
      <Filter>Header Files</Filter>
    </ClInclude>
    <ClInclude Include="Console.h">
      <Filter>Header Files</Filter>
    </ClInclude>
    <ClInclude Include="fileio.h">
      <Filter>Header Files</Filter>
    </ClInclude>
    <ClInclude Include="hierarchicalPartitionner.h">
      <Filter>Header Files</Filter>
    </ClInclude>
    <ClInclude Include="IndexedFaceSet.h">
      <Filter>Header Files</Filter>
    </ClInclude>
    <ClInclude Include="LiftScheme.h">
      <Filter>Header Files</Filter>
    </ClInclude>
    <ClInclude Include="MathTools.h">
      <Filter>Header Files</Filter>
    </ClInclude>
    <ClInclude Include="MotionModel.h">
      <Filter>Header Files</Filter>
    </ClInclude>
    <ClInclude Include="nr.h">
      <Filter>Header Files</Filter>
    </ClInclude>
    <ClInclude Include="nrtypes.h">
      <Filter>Header Files</Filter>
    </ClInclude>
    <ClInclude Include="nrtypes_lib.h">
      <Filter>Header Files</Filter>
    </ClInclude>
    <ClInclude Include="nrtypes_nr.h">
      <Filter>Header Files</Filter>
    </ClInclude>
    <ClInclude Include="nrutil.h">
      <Filter>Header Files</Filter>
    </ClInclude>
    <ClInclude Include="nrutil_mtl.h">
      <Filter>Header Files</Filter>
    </ClInclude>
    <ClInclude Include="nrutil_nr.h">
      <Filter>Header Files</Filter>
    </ClInclude>
    <ClInclude Include="nrutil_tnt.h">
      <Filter>Header Files</Filter>
    </ClInclude>
    <ClInclude Include="nrutil_val.h">
      <Filter>Header Files</Filter>
    </ClInclude>
    <ClInclude Include="print_array.h">
      <Filter>Header Files</Filter>
    </ClInclude>
  </ItemGroup>
  <ItemGroup>
    <CustomBuild Include="CMakeLists.txt" />
  </ItemGroup>
  <ItemGroup>
    <Filter Include="Source Files">
      <UniqueIdentifier>{98822FB1-C2F6-448D-9FC5-322FE113AFDE}</UniqueIdentifier>
    </Filter>
    <Filter Include="Header Files">
      <UniqueIdentifier>{109D4E88-C178-4F76-AB08-4742C260A49D}</UniqueIdentifier>
    </Filter>
  </ItemGroup>
</Project>
