Microsoft Visual Studio Solution File, Format Version 11.00
# Visual Studio 2010
Project("{8BC9CEB8-8B4A-11D0-8D11-00A0C91BC942}") = "ALL_BUILD", "ALL_BUILD.vcxproj", "{1910E0E6-FC77-4F47-B0AE-1EF426D28E22}"
	ProjectSection(ProjectDependencies) = postProject
		{D01515DA-1679-4070-B5BA-414A951C90BA} = {D01515DA-1679-4070-B5BA-414A951C90BA}
		{610719B7-0782-4CBB-87E1-DD323EF0F51E} = {610719B7-0782-4CBB-87E1-DD323EF0F51E}
		{D59498F5-098C-4FB7-A4FD-9266D2C858C2} = {D59498F5-098C-4FB7-A4FD-9266D2C858C2}
		{9AC183F4-9F50-481B-9634-4E1F26E70D08} = {9AC183F4-9F50-481B-9634-4E1F26E70D08}
		{07DC0FBA-4C74-4FFE-A94D-773CD078B467} = {07DC0FBA-4C74-4FFE-A94D-773CD078B467}
		{C80BF5B7-D73D-4E62-A93C-54AD4A042E0A} = {C80BF5B7-D73D-4E62-A93C-54AD4A042E0A}
		{445D4864-0103-4B08-B270-C5ED70AAD219} = {445D4864-0103-4B08-B270-C5ED70AAD219}
		{9686F04D-DBBC-4B01-80E3-1078E458EF4E} = {9686F04D-DBBC-4B01-80E3-1078E458EF4E}
		{D788D3CF-7546-47E1-8179-65826F1A03E1} = {D788D3CF-7546-47E1-8179-65826F1A03E1}
		{2C150189-EA92-4405-BCD2-69A080E75373} = {2C150189-EA92-4405-BCD2-69A080E75373}
		{AD7FE8F0-F089-4546-85A2-8AB588613C2B} = {AD7FE8F0-F089-4546-85A2-8AB588613C2B}
		{7AEC82F1-9CB2-4EE8-B248-70A1059A8060} = {7AEC82F1-9CB2-4EE8-B248-70A1059A8060}
		{F900DD7F-90E3-4E04-9E56-CDECE7779582} = {F900DD7F-90E3-4E04-9E56-CDECE7779582}
		{5DCF8A02-34E0-42CB-A7DE-7524E16A20F8} = {5DCF8A02-34E0-42CB-A7DE-7524E16A20F8}
		{3DD386E1-1C8E-45C1-B59D-85675E274FC4} = {3DD386E1-1C8E-45C1-B59D-85675E274FC4}
		{DC915D0E-36B4-43BD-A0C7-645A2507AF12} = {DC915D0E-36B4-43BD-A0C7-645A2507AF12}
		{D2334FAA-661B-420E-BBE2-7B5A2D6B2AE1} = {D2334FAA-661B-420E-BBE2-7B5A2D6B2AE1}
	EndProjectSection
EndProject
Project("{8BC9CEB8-8B4A-11D0-8D11-00A0C91BC942}") = "BaseFAMC", "BaseFAMC\BaseFAMC.vcxproj", "{D01515DA-1679-4070-B5BA-414A951C90BA}"
	ProjectSection(ProjectDependencies) = postProject
		{9686F04D-DBBC-4B01-80E3-1078E458EF4E} = {9686F04D-DBBC-4B01-80E3-1078E458EF4E}
	EndProjectSection
EndProject
Project("{8BC9CEB8-8B4A-11D0-8D11-00A0C91BC942}") = "CTM-TOOLS", "ctm-tools\CTM-TOOLS.vcxproj", "{610719B7-0782-4CBB-87E1-DD323EF0F51E}"
	ProjectSection(ProjectDependencies) = postProject
		{D01515DA-1679-4070-B5BA-414A951C90BA} = {D01515DA-1679-4070-B5BA-414A951C90BA}
		{D59498F5-098C-4FB7-A4FD-9266D2C858C2} = {D59498F5-098C-4FB7-A4FD-9266D2C858C2}
		{9686F04D-DBBC-4B01-80E3-1078E458EF4E} = {9686F04D-DBBC-4B01-80E3-1078E458EF4E}
		{2C150189-EA92-4405-BCD2-69A080E75373} = {2C150189-EA92-4405-BCD2-69A080E75373}
		{5DCF8A02-34E0-42CB-A7DE-7524E16A20F8} = {5DCF8A02-34E0-42CB-A7DE-7524E16A20F8}
		{3DD386E1-1C8E-45C1-B59D-85675E274FC4} = {3DD386E1-1C8E-45C1-B59D-85675E274FC4}
		{DC915D0E-36B4-43BD-A0C7-645A2507AF12} = {DC915D0E-36B4-43BD-A0C7-645A2507AF12}
	EndProjectSection
EndProject
Project("{8BC9CEB8-8B4A-11D0-8D11-00A0C91BC942}") = "FAMCCodec", "FAMCCodec\FAMCCodec.vcxproj", "{D59498F5-098C-4FB7-A4FD-9266D2C858C2}"
	ProjectSection(ProjectDependencies) = postProject
		{D01515DA-1679-4070-B5BA-414A951C90BA} = {D01515DA-1679-4070-B5BA-414A951C90BA}
		{9686F04D-DBBC-4B01-80E3-1078E458EF4E} = {9686F04D-DBBC-4B01-80E3-1078E458EF4E}
		{2C150189-EA92-4405-BCD2-69A080E75373} = {2C150189-EA92-4405-BCD2-69A080E75373}
	EndProjectSection
EndProject
Project("{8BC9CEB8-8B4A-11D0-8D11-00A0C91BC942}") = "FAMCDecoder", "FAMCDecoder\FAMCDecoder.vcxproj", "{9AC183F4-9F50-481B-9634-4E1F26E70D08}"
	ProjectSection(ProjectDependencies) = postProject
		{D01515DA-1679-4070-B5BA-414A951C90BA} = {D01515DA-1679-4070-B5BA-414A951C90BA}
		{9686F04D-DBBC-4B01-80E3-1078E458EF4E} = {9686F04D-DBBC-4B01-80E3-1078E458EF4E}
		{2C150189-EA92-4405-BCD2-69A080E75373} = {2C150189-EA92-4405-BCD2-69A080E75373}
	EndProjectSection
EndProject
Project("{8BC9CEB8-8B4A-11D0-8D11-00A0C91BC942}") = "FAMCEncoder", "FAMCEncoder\FAMCEncoder.vcxproj", "{07DC0FBA-4C74-4FFE-A94D-773CD078B467}"
	ProjectSection(ProjectDependencies) = postProject
		{D01515DA-1679-4070-B5BA-414A951C90BA} = {D01515DA-1679-4070-B5BA-414A951C90BA}
		{9686F04D-DBBC-4B01-80E3-1078E458EF4E} = {9686F04D-DBBC-4B01-80E3-1078E458EF4E}
		{2C150189-EA92-4405-BCD2-69A080E75373} = {2C150189-EA92-4405-BCD2-69A080E75373}
	EndProjectSection
EndProject
Project("{8BC9CEB8-8B4A-11D0-8D11-00A0C91BC942}") = "GLEW", "ctm-tools\glew\GLEW.vcxproj", "{C80BF5B7-D73D-4E62-A93C-54AD4A042E0A}"
	ProjectSection(ProjectDependencies) = postProject
		{9686F04D-DBBC-4B01-80E3-1078E458EF4E} = {9686F04D-DBBC-4B01-80E3-1078E458EF4E}
	EndProjectSection
EndProject
Project("{8BC9CEB8-8B4A-11D0-8D11-00A0C91BC942}") = "TINYXML", "ctm-tools\tinyxml\TINYXML.vcxproj", "{445D4864-0103-4B08-B270-C5ED70AAD219}"
	ProjectSection(ProjectDependencies) = postProject
		{9686F04D-DBBC-4B01-80E3-1078E458EF4E} = {9686F04D-DBBC-4B01-80E3-1078E458EF4E}
	EndProjectSection
EndProject
Project("{8BC9CEB8-8B4A-11D0-8D11-00A0C91BC942}") = "ZERO_CHECK", "ZERO_CHECK.vcxproj", "{9686F04D-DBBC-4B01-80E3-1078E458EF4E}"
	ProjectSection(ProjectDependencies) = postProject
	EndProjectSection
EndProject
Project("{8BC9CEB8-8B4A-11D0-8D11-00A0C91BC942}") = "ZLIB", "ctm-tools\zlib\ZLIB.vcxproj", "{D788D3CF-7546-47E1-8179-65826F1A03E1}"
	ProjectSection(ProjectDependencies) = postProject
		{9686F04D-DBBC-4B01-80E3-1078E458EF4E} = {9686F04D-DBBC-4B01-80E3-1078E458EF4E}
	EndProjectSection
EndProject
Project("{8BC9CEB8-8B4A-11D0-8D11-00A0C91BC942}") = "ld3dmc", "ld3dmc\ld3dmc.vcxproj", "{2C150189-EA92-4405-BCD2-69A080E75373}"
	ProjectSection(ProjectDependencies) = postProject
		{9686F04D-DBBC-4B01-80E3-1078E458EF4E} = {9686F04D-DBBC-4B01-80E3-1078E458EF4E}
	EndProjectSection
EndProject
Project("{8BC9CEB8-8B4A-11D0-8D11-00A0C91BC942}") = "o3dgc_common_lib", "o3dg\o3dgc_common_lib\o3dgc_common_lib.vcxproj", "{AD7FE8F0-F089-4546-85A2-8AB588613C2B}"
	ProjectSection(ProjectDependencies) = postProject
		{9686F04D-DBBC-4B01-80E3-1078E458EF4E} = {9686F04D-DBBC-4B01-80E3-1078E458EF4E}
	EndProjectSection
EndProject
Project("{8BC9CEB8-8B4A-11D0-8D11-00A0C91BC942}") = "o3dgc_dec_lib", "o3dg\o3dgc_decode_lib\o3dgc_dec_lib.vcxproj", "{7AEC82F1-9CB2-4EE8-B248-70A1059A8060}"
	ProjectSection(ProjectDependencies) = postProject
		{9686F04D-DBBC-4B01-80E3-1078E458EF4E} = {9686F04D-DBBC-4B01-80E3-1078E458EF4E}
	EndProjectSection
EndProject
Project("{8BC9CEB8-8B4A-11D0-8D11-00A0C91BC942}") = "o3dgc_enc_lib", "o3dg\o3dgc_encode_lib\o3dgc_enc_lib.vcxproj", "{F900DD7F-90E3-4E04-9E56-CDECE7779582}"
	ProjectSection(ProjectDependencies) = postProject
		{9686F04D-DBBC-4B01-80E3-1078E458EF4E} = {9686F04D-DBBC-4B01-80E3-1078E458EF4E}
	EndProjectSection
EndProject
Project("{8BC9CEB8-8B4A-11D0-8D11-00A0C91BC942}") = "openctmlib", "openctmlib\openctmlib.vcxproj", "{5DCF8A02-34E0-42CB-A7DE-7524E16A20F8}"
	ProjectSection(ProjectDependencies) = postProject
		{9686F04D-DBBC-4B01-80E3-1078E458EF4E} = {9686F04D-DBBC-4B01-80E3-1078E458EF4E}
	EndProjectSection
EndProject
Project("{8BC9CEB8-8B4A-11D0-8D11-00A0C91BC942}") = "pnglite", "ctm-tools\pnglite\pnglite.vcxproj", "{3DD386E1-1C8E-45C1-B59D-85675E274FC4}"
	ProjectSection(ProjectDependencies) = postProject
		{9686F04D-DBBC-4B01-80E3-1078E458EF4E} = {9686F04D-DBBC-4B01-80E3-1078E458EF4E}
	EndProjectSection
EndProject
Project("{8BC9CEB8-8B4A-11D0-8D11-00A0C91BC942}") = "rply", "ctm-tools\rply\rply.vcxproj", "{DC915D0E-36B4-43BD-A0C7-645A2507AF12}"
	ProjectSection(ProjectDependencies) = postProject
		{9686F04D-DBBC-4B01-80E3-1078E458EF4E} = {9686F04D-DBBC-4B01-80E3-1078E458EF4E}
	EndProjectSection
EndProject
Project("{8BC9CEB8-8B4A-11D0-8D11-00A0C91BC942}") = "test_o3dgc", "o3dg\test\test_o3dgc.vcxproj", "{D2334FAA-661B-420E-BBE2-7B5A2D6B2AE1}"
	ProjectSection(ProjectDependencies) = postProject
		{9686F04D-DBBC-4B01-80E3-1078E458EF4E} = {9686F04D-DBBC-4B01-80E3-1078E458EF4E}
		{AD7FE8F0-F089-4546-85A2-8AB588613C2B} = {AD7FE8F0-F089-4546-85A2-8AB588613C2B}
		{7AEC82F1-9CB2-4EE8-B248-70A1059A8060} = {7AEC82F1-9CB2-4EE8-B248-70A1059A8060}
		{F900DD7F-90E3-4E04-9E56-CDECE7779582} = {F900DD7F-90E3-4E04-9E56-CDECE7779582}
	EndProjectSection
EndProject
Global
	GlobalSection(SolutionConfigurationPlatforms) = preSolution
		Debug|x64 = Debug|x64
		Release|x64 = Release|x64
		MinSizeRel|x64 = MinSizeRel|x64
		RelWithDebInfo|x64 = RelWithDebInfo|x64
	EndGlobalSection
	GlobalSection(ProjectConfigurationPlatforms) = postSolution
		{1910E0E6-FC77-4F47-B0AE-1EF426D28E22}.Debug|x64.ActiveCfg = Debug|x64
		{1910E0E6-FC77-4F47-B0AE-1EF426D28E22}.Release|x64.ActiveCfg = Release|x64
		{1910E0E6-FC77-4F47-B0AE-1EF426D28E22}.MinSizeRel|x64.ActiveCfg = MinSizeRel|x64
		{1910E0E6-FC77-4F47-B0AE-1EF426D28E22}.RelWithDebInfo|x64.ActiveCfg = RelWithDebInfo|x64
		{D01515DA-1679-4070-B5BA-414A951C90BA}.Debug|x64.ActiveCfg = Debug|x64
		{D01515DA-1679-4070-B5BA-414A951C90BA}.Debug|x64.Build.0 = Debug|x64
		{D01515DA-1679-4070-B5BA-414A951C90BA}.Release|x64.ActiveCfg = Release|x64
		{D01515DA-1679-4070-B5BA-414A951C90BA}.Release|x64.Build.0 = Release|x64
		{D01515DA-1679-4070-B5BA-414A951C90BA}.MinSizeRel|x64.ActiveCfg = MinSizeRel|x64
		{D01515DA-1679-4070-B5BA-414A951C90BA}.MinSizeRel|x64.Build.0 = MinSizeRel|x64
		{D01515DA-1679-4070-B5BA-414A951C90BA}.RelWithDebInfo|x64.ActiveCfg = RelWithDebInfo|x64
		{D01515DA-1679-4070-B5BA-414A951C90BA}.RelWithDebInfo|x64.Build.0 = RelWithDebInfo|x64
		{610719B7-0782-4CBB-87E1-DD323EF0F51E}.Debug|x64.ActiveCfg = Debug|x64
		{610719B7-0782-4CBB-87E1-DD323EF0F51E}.Debug|x64.Build.0 = Debug|x64
		{610719B7-0782-4CBB-87E1-DD323EF0F51E}.Release|x64.ActiveCfg = Release|x64
		{610719B7-0782-4CBB-87E1-DD323EF0F51E}.Release|x64.Build.0 = Release|x64
		{610719B7-0782-4CBB-87E1-DD323EF0F51E}.MinSizeRel|x64.ActiveCfg = MinSizeRel|x64
		{610719B7-0782-4CBB-87E1-DD323EF0F51E}.MinSizeRel|x64.Build.0 = MinSizeRel|x64
		{610719B7-0782-4CBB-87E1-DD323EF0F51E}.RelWithDebInfo|x64.ActiveCfg = RelWithDebInfo|x64
		{610719B7-0782-4CBB-87E1-DD323EF0F51E}.RelWithDebInfo|x64.Build.0 = RelWithDebInfo|x64
		{D59498F5-098C-4FB7-A4FD-9266D2C858C2}.Debug|x64.ActiveCfg = Debug|x64
		{D59498F5-098C-4FB7-A4FD-9266D2C858C2}.Debug|x64.Build.0 = Debug|x64
		{D59498F5-098C-4FB7-A4FD-9266D2C858C2}.Release|x64.ActiveCfg = Release|x64
		{D59498F5-098C-4FB7-A4FD-9266D2C858C2}.Release|x64.Build.0 = Release|x64
		{D59498F5-098C-4FB7-A4FD-9266D2C858C2}.MinSizeRel|x64.ActiveCfg = MinSizeRel|x64
		{D59498F5-098C-4FB7-A4FD-9266D2C858C2}.MinSizeRel|x64.Build.0 = MinSizeRel|x64
		{D59498F5-098C-4FB7-A4FD-9266D2C858C2}.RelWithDebInfo|x64.ActiveCfg = RelWithDebInfo|x64
		{D59498F5-098C-4FB7-A4FD-9266D2C858C2}.RelWithDebInfo|x64.Build.0 = RelWithDebInfo|x64
		{9AC183F4-9F50-481B-9634-4E1F26E70D08}.Debug|x64.ActiveCfg = Debug|x64
		{9AC183F4-9F50-481B-9634-4E1F26E70D08}.Debug|x64.Build.0 = Debug|x64
		{9AC183F4-9F50-481B-9634-4E1F26E70D08}.Release|x64.ActiveCfg = Release|x64
		{9AC183F4-9F50-481B-9634-4E1F26E70D08}.Release|x64.Build.0 = Release|x64
		{9AC183F4-9F50-481B-9634-4E1F26E70D08}.MinSizeRel|x64.ActiveCfg = MinSizeRel|x64
		{9AC183F4-9F50-481B-9634-4E1F26E70D08}.MinSizeRel|x64.Build.0 = MinSizeRel|x64
		{9AC183F4-9F50-481B-9634-4E1F26E70D08}.RelWithDebInfo|x64.ActiveCfg = RelWithDebInfo|x64
		{9AC183F4-9F50-481B-9634-4E1F26E70D08}.RelWithDebInfo|x64.Build.0 = RelWithDebInfo|x64
		{07DC0FBA-4C74-4FFE-A94D-773CD078B467}.Debug|x64.ActiveCfg = Debug|x64
		{07DC0FBA-4C74-4FFE-A94D-773CD078B467}.Debug|x64.Build.0 = Debug|x64
		{07DC0FBA-4C74-4FFE-A94D-773CD078B467}.Release|x64.ActiveCfg = Release|x64
		{07DC0FBA-4C74-4FFE-A94D-773CD078B467}.Release|x64.Build.0 = Release|x64
		{07DC0FBA-4C74-4FFE-A94D-773CD078B467}.MinSizeRel|x64.ActiveCfg = MinSizeRel|x64
		{07DC0FBA-4C74-4FFE-A94D-773CD078B467}.MinSizeRel|x64.Build.0 = MinSizeRel|x64
		{07DC0FBA-4C74-4FFE-A94D-773CD078B467}.RelWithDebInfo|x64.ActiveCfg = RelWithDebInfo|x64
		{07DC0FBA-4C74-4FFE-A94D-773CD078B467}.RelWithDebInfo|x64.Build.0 = RelWithDebInfo|x64
		{C80BF5B7-D73D-4E62-A93C-54AD4A042E0A}.Debug|x64.ActiveCfg = Debug|x64
		{C80BF5B7-D73D-4E62-A93C-54AD4A042E0A}.Debug|x64.Build.0 = Debug|x64
		{C80BF5B7-D73D-4E62-A93C-54AD4A042E0A}.Release|x64.ActiveCfg = Release|x64
		{C80BF5B7-D73D-4E62-A93C-54AD4A042E0A}.Release|x64.Build.0 = Release|x64
		{C80BF5B7-D73D-4E62-A93C-54AD4A042E0A}.MinSizeRel|x64.ActiveCfg = MinSizeRel|x64
		{C80BF5B7-D73D-4E62-A93C-54AD4A042E0A}.MinSizeRel|x64.Build.0 = MinSizeRel|x64
		{C80BF5B7-D73D-4E62-A93C-54AD4A042E0A}.RelWithDebInfo|x64.ActiveCfg = RelWithDebInfo|x64
		{C80BF5B7-D73D-4E62-A93C-54AD4A042E0A}.RelWithDebInfo|x64.Build.0 = RelWithDebInfo|x64
		{445D4864-0103-4B08-B270-C5ED70AAD219}.Debug|x64.ActiveCfg = Debug|x64
		{445D4864-0103-4B08-B270-C5ED70AAD219}.Debug|x64.Build.0 = Debug|x64
		{445D4864-0103-4B08-B270-C5ED70AAD219}.Release|x64.ActiveCfg = Release|x64
		{445D4864-0103-4B08-B270-C5ED70AAD219}.Release|x64.Build.0 = Release|x64
		{445D4864-0103-4B08-B270-C5ED70AAD219}.MinSizeRel|x64.ActiveCfg = MinSizeRel|x64
		{445D4864-0103-4B08-B270-C5ED70AAD219}.MinSizeRel|x64.Build.0 = MinSizeRel|x64
		{445D4864-0103-4B08-B270-C5ED70AAD219}.RelWithDebInfo|x64.ActiveCfg = RelWithDebInfo|x64
		{445D4864-0103-4B08-B270-C5ED70AAD219}.RelWithDebInfo|x64.Build.0 = RelWithDebInfo|x64
		{9686F04D-DBBC-4B01-80E3-1078E458EF4E}.Debug|x64.ActiveCfg = Debug|x64
		{9686F04D-DBBC-4B01-80E3-1078E458EF4E}.Debug|x64.Build.0 = Debug|x64
		{9686F04D-DBBC-4B01-80E3-1078E458EF4E}.Release|x64.ActiveCfg = Release|x64
		{9686F04D-DBBC-4B01-80E3-1078E458EF4E}.Release|x64.Build.0 = Release|x64
		{9686F04D-DBBC-4B01-80E3-1078E458EF4E}.MinSizeRel|x64.ActiveCfg = MinSizeRel|x64
		{9686F04D-DBBC-4B01-80E3-1078E458EF4E}.MinSizeRel|x64.Build.0 = MinSizeRel|x64
		{9686F04D-DBBC-4B01-80E3-1078E458EF4E}.RelWithDebInfo|x64.ActiveCfg = RelWithDebInfo|x64
		{9686F04D-DBBC-4B01-80E3-1078E458EF4E}.RelWithDebInfo|x64.Build.0 = RelWithDebInfo|x64
		{D788D3CF-7546-47E1-8179-65826F1A03E1}.Debug|x64.ActiveCfg = Debug|x64
		{D788D3CF-7546-47E1-8179-65826F1A03E1}.Debug|x64.Build.0 = Debug|x64
		{D788D3CF-7546-47E1-8179-65826F1A03E1}.Release|x64.ActiveCfg = Release|x64
		{D788D3CF-7546-47E1-8179-65826F1A03E1}.Release|x64.Build.0 = Release|x64
		{D788D3CF-7546-47E1-8179-65826F1A03E1}.MinSizeRel|x64.ActiveCfg = MinSizeRel|x64
		{D788D3CF-7546-47E1-8179-65826F1A03E1}.MinSizeRel|x64.Build.0 = MinSizeRel|x64
		{D788D3CF-7546-47E1-8179-65826F1A03E1}.RelWithDebInfo|x64.ActiveCfg = RelWithDebInfo|x64
		{D788D3CF-7546-47E1-8179-65826F1A03E1}.RelWithDebInfo|x64.Build.0 = RelWithDebInfo|x64
		{2C150189-EA92-4405-BCD2-69A080E75373}.Debug|x64.ActiveCfg = Debug|x64
		{2C150189-EA92-4405-BCD2-69A080E75373}.Debug|x64.Build.0 = Debug|x64
		{2C150189-EA92-4405-BCD2-69A080E75373}.Release|x64.ActiveCfg = Release|x64
		{2C150189-EA92-4405-BCD2-69A080E75373}.Release|x64.Build.0 = Release|x64
		{2C150189-EA92-4405-BCD2-69A080E75373}.MinSizeRel|x64.ActiveCfg = MinSizeRel|x64
		{2C150189-EA92-4405-BCD2-69A080E75373}.MinSizeRel|x64.Build.0 = MinSizeRel|x64
		{2C150189-EA92-4405-BCD2-69A080E75373}.RelWithDebInfo|x64.ActiveCfg = RelWithDebInfo|x64
		{2C150189-EA92-4405-BCD2-69A080E75373}.RelWithDebInfo|x64.Build.0 = RelWithDebInfo|x64
		{AD7FE8F0-F089-4546-85A2-8AB588613C2B}.Debug|x64.ActiveCfg = Debug|x64
		{AD7FE8F0-F089-4546-85A2-8AB588613C2B}.Debug|x64.Build.0 = Debug|x64
		{AD7FE8F0-F089-4546-85A2-8AB588613C2B}.Release|x64.ActiveCfg = Release|x64
		{AD7FE8F0-F089-4546-85A2-8AB588613C2B}.Release|x64.Build.0 = Release|x64
		{AD7FE8F0-F089-4546-85A2-8AB588613C2B}.MinSizeRel|x64.ActiveCfg = MinSizeRel|x64
		{AD7FE8F0-F089-4546-85A2-8AB588613C2B}.MinSizeRel|x64.Build.0 = MinSizeRel|x64
		{AD7FE8F0-F089-4546-85A2-8AB588613C2B}.RelWithDebInfo|x64.ActiveCfg = RelWithDebInfo|x64
		{AD7FE8F0-F089-4546-85A2-8AB588613C2B}.RelWithDebInfo|x64.Build.0 = RelWithDebInfo|x64
		{7AEC82F1-9CB2-4EE8-B248-70A1059A8060}.Debug|x64.ActiveCfg = Debug|x64
		{7AEC82F1-9CB2-4EE8-B248-70A1059A8060}.Debug|x64.Build.0 = Debug|x64
		{7AEC82F1-9CB2-4EE8-B248-70A1059A8060}.Release|x64.ActiveCfg = Release|x64
		{7AEC82F1-9CB2-4EE8-B248-70A1059A8060}.Release|x64.Build.0 = Release|x64
		{7AEC82F1-9CB2-4EE8-B248-70A1059A8060}.MinSizeRel|x64.ActiveCfg = MinSizeRel|x64
		{7AEC82F1-9CB2-4EE8-B248-70A1059A8060}.MinSizeRel|x64.Build.0 = MinSizeRel|x64
		{7AEC82F1-9CB2-4EE8-B248-70A1059A8060}.RelWithDebInfo|x64.ActiveCfg = RelWithDebInfo|x64
		{7AEC82F1-9CB2-4EE8-B248-70A1059A8060}.RelWithDebInfo|x64.Build.0 = RelWithDebInfo|x64
		{F900DD7F-90E3-4E04-9E56-CDECE7779582}.Debug|x64.ActiveCfg = Debug|x64
		{F900DD7F-90E3-4E04-9E56-CDECE7779582}.Debug|x64.Build.0 = Debug|x64
		{F900DD7F-90E3-4E04-9E56-CDECE7779582}.Release|x64.ActiveCfg = Release|x64
		{F900DD7F-90E3-4E04-9E56-CDECE7779582}.Release|x64.Build.0 = Release|x64
		{F900DD7F-90E3-4E04-9E56-CDECE7779582}.MinSizeRel|x64.ActiveCfg = MinSizeRel|x64
		{F900DD7F-90E3-4E04-9E56-CDECE7779582}.MinSizeRel|x64.Build.0 = MinSizeRel|x64
		{F900DD7F-90E3-4E04-9E56-CDECE7779582}.RelWithDebInfo|x64.ActiveCfg = RelWithDebInfo|x64
		{F900DD7F-90E3-4E04-9E56-CDECE7779582}.RelWithDebInfo|x64.Build.0 = RelWithDebInfo|x64
		{5DCF8A02-34E0-42CB-A7DE-7524E16A20F8}.Debug|x64.ActiveCfg = Debug|x64
		{5DCF8A02-34E0-42CB-A7DE-7524E16A20F8}.Debug|x64.Build.0 = Debug|x64
		{5DCF8A02-34E0-42CB-A7DE-7524E16A20F8}.Release|x64.ActiveCfg = Release|x64
		{5DCF8A02-34E0-42CB-A7DE-7524E16A20F8}.Release|x64.Build.0 = Release|x64
		{5DCF8A02-34E0-42CB-A7DE-7524E16A20F8}.MinSizeRel|x64.ActiveCfg = MinSizeRel|x64
		{5DCF8A02-34E0-42CB-A7DE-7524E16A20F8}.MinSizeRel|x64.Build.0 = MinSizeRel|x64
		{5DCF8A02-34E0-42CB-A7DE-7524E16A20F8}.RelWithDebInfo|x64.ActiveCfg = RelWithDebInfo|x64
		{5DCF8A02-34E0-42CB-A7DE-7524E16A20F8}.RelWithDebInfo|x64.Build.0 = RelWithDebInfo|x64
		{3DD386E1-1C8E-45C1-B59D-85675E274FC4}.Debug|x64.ActiveCfg = Debug|x64
		{3DD386E1-1C8E-45C1-B59D-85675E274FC4}.Debug|x64.Build.0 = Debug|x64
		{3DD386E1-1C8E-45C1-B59D-85675E274FC4}.Release|x64.ActiveCfg = Release|x64
		{3DD386E1-1C8E-45C1-B59D-85675E274FC4}.Release|x64.Build.0 = Release|x64
		{3DD386E1-1C8E-45C1-B59D-85675E274FC4}.MinSizeRel|x64.ActiveCfg = MinSizeRel|x64
		{3DD386E1-1C8E-45C1-B59D-85675E274FC4}.MinSizeRel|x64.Build.0 = MinSizeRel|x64
		{3DD386E1-1C8E-45C1-B59D-85675E274FC4}.RelWithDebInfo|x64.ActiveCfg = RelWithDebInfo|x64
		{3DD386E1-1C8E-45C1-B59D-85675E274FC4}.RelWithDebInfo|x64.Build.0 = RelWithDebInfo|x64
		{DC915D0E-36B4-43BD-A0C7-645A2507AF12}.Debug|x64.ActiveCfg = Debug|x64
		{DC915D0E-36B4-43BD-A0C7-645A2507AF12}.Debug|x64.Build.0 = Debug|x64
		{DC915D0E-36B4-43BD-A0C7-645A2507AF12}.Release|x64.ActiveCfg = Release|x64
		{DC915D0E-36B4-43BD-A0C7-645A2507AF12}.Release|x64.Build.0 = Release|x64
		{DC915D0E-36B4-43BD-A0C7-645A2507AF12}.MinSizeRel|x64.ActiveCfg = MinSizeRel|x64
		{DC915D0E-36B4-43BD-A0C7-645A2507AF12}.MinSizeRel|x64.Build.0 = MinSizeRel|x64
		{DC915D0E-36B4-43BD-A0C7-645A2507AF12}.RelWithDebInfo|x64.ActiveCfg = RelWithDebInfo|x64
		{DC915D0E-36B4-43BD-A0C7-645A2507AF12}.RelWithDebInfo|x64.Build.0 = RelWithDebInfo|x64
		{D2334FAA-661B-420E-BBE2-7B5A2D6B2AE1}.Debug|x64.ActiveCfg = Debug|x64
		{D2334FAA-661B-420E-BBE2-7B5A2D6B2AE1}.Debug|x64.Build.0 = Debug|x64
		{D2334FAA-661B-420E-BBE2-7B5A2D6B2AE1}.Release|x64.ActiveCfg = Release|x64
		{D2334FAA-661B-420E-BBE2-7B5A2D6B2AE1}.Release|x64.Build.0 = Release|x64
		{D2334FAA-661B-420E-BBE2-7B5A2D6B2AE1}.MinSizeRel|x64.ActiveCfg = MinSizeRel|x64
		{D2334FAA-661B-420E-BBE2-7B5A2D6B2AE1}.MinSizeRel|x64.Build.0 = MinSizeRel|x64
		{D2334FAA-661B-420E-BBE2-7B5A2D6B2AE1}.RelWithDebInfo|x64.ActiveCfg = RelWithDebInfo|x64
		{D2334FAA-661B-420E-BBE2-7B5A2D6B2AE1}.RelWithDebInfo|x64.Build.0 = RelWithDebInfo|x64
	EndGlobalSection
	GlobalSection(ExtensibilityGlobals) = postSolution
	EndGlobalSection
	GlobalSection(ExtensibilityAddIns) = postSolution
	EndGlobalSection
EndGlobal
