<?xml version="1.0" encoding="utf-8"?>
<Project ToolsVersion="4.0" xmlns="http://schemas.microsoft.com/developer/msbuild/2003">
  <ItemGroup>
    <ClCompile Include="famc.cpp">
      <Filter>Source Files</Filter>
    </ClCompile>
    <ClCompile Include="FAMCDecoder.cpp">
      <Filter>Source Files</Filter>
    </ClCompile>
    <ClCompile Include="..\Commun\cabac.cpp">
      <Filter>Source Files</Filter>
    </ClCompile>
    <ClCompile Include="..\Commun\DCTEncoder.cpp">
      <Filter>Source Files</Filter>
    </ClCompile>
    <ClCompile Include="..\Commun\FAMCParams.cpp">
      <Filter>Source Files</Filter>
    </ClCompile>
    <ClCompile Include="..\Commun\LiftCodec.cpp">
      <Filter>Source Files</Filter>
    </ClCompile>
    <ClCompile Include="..\Commun\ResidualCoder.cpp">
      <Filter>Source Files</Filter>
    </ClCompile>
    <ClCompile Include="..\Commun\ScalableResidualsDecoder.cpp">
      <Filter>Source Files</Filter>
    </ClCompile>
    <ClCompile Include="..\Commun\ScalableResidualsEncoder.cpp">
      <Filter>Source Files</Filter>
    </ClCompile>
  </ItemGroup>
  <ItemGroup>
    <ClInclude Include="FAMCDecoder.h">
      <Filter>Header Files</Filter>
    </ClInclude>
    <ClInclude Include="..\Commun\cabac.h">
      <Filter>Header Files</Filter>
    </ClInclude>
    <ClInclude Include="..\Commun\ContextModels.h">
      <Filter>Header Files</Filter>
    </ClInclude>
    <ClInclude Include="..\Commun\DCTEncoder.h">
      <Filter>Header Files</Filter>
    </ClInclude>
    <ClInclude Include="..\Commun\FAMCCommon.h">
      <Filter>Header Files</Filter>
    </ClInclude>
    <ClInclude Include="..\Commun\FAMCParams.h">
      <Filter>Header Files</Filter>
    </ClInclude>
    <ClInclude Include="..\Commun\LiftCodec.h">
      <Filter>Header Files</Filter>
    </ClInclude>
    <ClInclude Include="..\Commun\ResidualCoder.h">
      <Filter>Header Files</Filter>
    </ClInclude>
    <ClInclude Include="..\Commun\ScalableResidualsDecoder.h">
      <Filter>Header Files</Filter>
    </ClInclude>
    <ClInclude Include="..\Commun\ScalableResidualsEncoder.h">
      <Filter>Header Files</Filter>
    </ClInclude>
  </ItemGroup>
  <ItemGroup>
    <CustomBuild Include="CMakeLists.txt" />
  </ItemGroup>
  <ItemGroup>
    <Filter Include="Source Files">
      <UniqueIdentifier>{98822FB1-C2F6-448D-9FC5-322FE113AFDE}</UniqueIdentifier>
    </Filter>
    <Filter Include="Header Files">
      <UniqueIdentifier>{109D4E88-C178-4F76-AB08-4742C260A49D}</UniqueIdentifier>
    </Filter>
  </ItemGroup>
</Project>
