<?xml version="1.0" encoding="utf-8"?>
<Project ToolsVersion="4.0" xmlns="http://schemas.microsoft.com/developer/msbuild/2003">
  <ItemGroup>
    <ClCompile Include="DynamicMesh.cpp">
      <Filter>Source Files</Filter>
    </ClCompile>
    <ClCompile Include="DynamicMeshBase.cpp">
      <Filter>Source Files</Filter>
    </ClCompile>
    <ClCompile Include="FAMCCabacVx3Decoder.cpp">
      <Filter>Source Files</Filter>
    </ClCompile>
    <ClCompile Include="FAMCCabacVx3Encoder.cpp">
      <Filter>Source Files</Filter>
    </ClCompile>
    <ClCompile Include="FAMCSimplificationModeDecoder.cpp">
      <Filter>Source Files</Filter>
    </ClCompile>
    <ClCompile Include="FAMCSimplificationModeEncoder.cpp">
      <Filter>Source Files</Filter>
    </ClCompile>
    <ClCompile Include="FAMCVertexInfoEncoder.cpp">
      <Filter>Source Files</Filter>
    </ClCompile>
    <ClCompile Include="LDFrameOrderFactory.cpp">
      <Filter>Source Files</Filter>
    </ClCompile>
    <ClCompile Include="LDReader.cpp">
      <Filter>Source Files</Filter>
    </ClCompile>
    <ClCompile Include="LDSegmentDecoder.cpp">
      <Filter>Source Files</Filter>
    </ClCompile>
    <ClCompile Include="LDSegmentDecomposer.cpp">
      <Filter>Source Files</Filter>
    </ClCompile>
    <ClCompile Include="LDSegmentEncoder.cpp">
      <Filter>Source Files</Filter>
    </ClCompile>
    <ClCompile Include="LDSegmentReconstructor.cpp">
      <Filter>Source Files</Filter>
    </ClCompile>
    <ClCompile Include="LDWriter.cpp">
      <Filter>Source Files</Filter>
    </ClCompile>
    <ClCompile Include="MyPredI.cpp">
      <Filter>Source Files</Filter>
    </ClCompile>
    <ClCompile Include="PointUtils.cpp">
      <Filter>Source Files</Filter>
    </ClCompile>
    <ClCompile Include="Stat.cpp">
      <Filter>Source Files</Filter>
    </ClCompile>
    <ClCompile Include="FAMCVertexInfoDecoder.cc">
      <Filter>Source Files</Filter>
    </ClCompile>
    <ClCompile Include="LayeredDecomposerAutomatic.cc">
      <Filter>Source Files</Filter>
    </ClCompile>
    <ClCompile Include="LayeredDecomposerUserBased.cc">
      <Filter>Source Files</Filter>
    </ClCompile>
    <ClCompile Include="SConnectivity.cc">
      <Filter>Source Files</Filter>
    </ClCompile>
    <ClCompile Include="SimplificationDecomposer.cc">
      <Filter>Source Files</Filter>
    </ClCompile>
    <ClCompile Include="SimplificationOperationsFactory.cc">
      <Filter>Source Files</Filter>
    </ClCompile>
    <ClCompile Include="TraversalDecomposer.cc">
      <Filter>Source Files</Filter>
    </ClCompile>
  </ItemGroup>
  <ItemGroup>
    <ClInclude Include="DPCMDec.h">
      <Filter>Header Files</Filter>
    </ClInclude>
    <ClInclude Include="DPCMEnc.h">
      <Filter>Header Files</Filter>
    </ClInclude>
    <ClInclude Include="DPCMPred.h">
      <Filter>Header Files</Filter>
    </ClInclude>
    <ClInclude Include="DPCMPredDelta.h">
      <Filter>Header Files</Filter>
    </ClInclude>
    <ClInclude Include="DPCMPredLin.h">
      <Filter>Header Files</Filter>
    </ClInclude>
    <ClInclude Include="DPCMPredNonLin.h">
      <Filter>Header Files</Filter>
    </ClInclude>
    <ClInclude Include="DynamicMesh.h">
      <Filter>Header Files</Filter>
    </ClInclude>
    <ClInclude Include="DynamicMeshBase.h">
      <Filter>Header Files</Filter>
    </ClInclude>
    <ClInclude Include="FAMCCabacVx3Decoder.h">
      <Filter>Header Files</Filter>
    </ClInclude>
    <ClInclude Include="FAMCCabacVx3Encoder.h">
      <Filter>Header Files</Filter>
    </ClInclude>
    <ClInclude Include="FAMCLayeredDecompositionDecoder.h">
      <Filter>Header Files</Filter>
    </ClInclude>
    <ClInclude Include="FAMCSimplificationModeDecoder.h">
      <Filter>Header Files</Filter>
    </ClInclude>
    <ClInclude Include="FAMCSimplificationModeEncoder.h">
      <Filter>Header Files</Filter>
    </ClInclude>
    <ClInclude Include="FAMCVertexInfoDecoder.h">
      <Filter>Header Files</Filter>
    </ClInclude>
    <ClInclude Include="FAMCVertexInfoEncoder.h">
      <Filter>Header Files</Filter>
    </ClInclude>
    <ClInclude Include="LayeredDecomposerAutomatic.h">
      <Filter>Header Files</Filter>
    </ClInclude>
    <ClInclude Include="LayeredDecomposerUserBased.h">
      <Filter>Header Files</Filter>
    </ClInclude>
    <ClInclude Include="LayeredDecomposition.h">
      <Filter>Header Files</Filter>
    </ClInclude>
    <ClInclude Include="LayeredSimplificationOperationsFactory.h">
      <Filter>Header Files</Filter>
    </ClInclude>
    <ClInclude Include="LD3DMCParam.h">
      <Filter>Header Files</Filter>
    </ClInclude>
    <ClInclude Include="LDFrameOrderFactory.h">
      <Filter>Header Files</Filter>
    </ClInclude>
    <ClInclude Include="LDFrameTypeData.h">
      <Filter>Header Files</Filter>
    </ClInclude>
    <ClInclude Include="LDQuant1D.h">
      <Filter>Header Files</Filter>
    </ClInclude>
    <ClInclude Include="LDQuant3D.h">
      <Filter>Header Files</Filter>
    </ClInclude>
    <ClInclude Include="LDReader.h">
      <Filter>Header Files</Filter>
    </ClInclude>
    <ClInclude Include="LDRecon1D.h">
      <Filter>Header Files</Filter>
    </ClInclude>
    <ClInclude Include="LDRecon3D.h">
      <Filter>Header Files</Filter>
    </ClInclude>
    <ClInclude Include="LDSegmentDecoder.h">
      <Filter>Header Files</Filter>
    </ClInclude>
    <ClInclude Include="LDSegmentDecomposer.h">
      <Filter>Header Files</Filter>
    </ClInclude>
    <ClInclude Include="LDSegmentEncoder.h">
      <Filter>Header Files</Filter>
    </ClInclude>
    <ClInclude Include="LDSegmentReconstructor.h">
      <Filter>Header Files</Filter>
    </ClInclude>
    <ClInclude Include="LDWriter.h">
      <Filter>Header Files</Filter>
    </ClInclude>
    <ClInclude Include="MeshTypes.h">
      <Filter>Header Files</Filter>
    </ClInclude>
    <ClInclude Include="MyPredI.h">
      <Filter>Header Files</Filter>
    </ClInclude>
    <ClInclude Include="MySimplePreds.h">
      <Filter>Header Files</Filter>
    </ClInclude>
    <ClInclude Include="PatchDecomposer.h">
      <Filter>Header Files</Filter>
    </ClInclude>
    <ClInclude Include="PointT.h">
      <Filter>Header Files</Filter>
    </ClInclude>
    <ClInclude Include="PointUtils.h">
      <Filter>Header Files</Filter>
    </ClInclude>
    <ClInclude Include="PredI.h">
      <Filter>Header Files</Filter>
    </ClInclude>
    <ClInclude Include="SConnectivity.h">
      <Filter>Header Files</Filter>
    </ClInclude>
    <ClInclude Include="SimplificationDecomposer.h">
      <Filter>Header Files</Filter>
    </ClInclude>
    <ClInclude Include="SimplificationOperationsFactory.h">
      <Filter>Header Files</Filter>
    </ClInclude>
    <ClInclude Include="Stat.h">
      <Filter>Header Files</Filter>
    </ClInclude>
    <ClInclude Include="stdint.h">
      <Filter>Header Files</Filter>
    </ClInclude>
    <ClInclude Include="TraversalDecomposer.h">
      <Filter>Header Files</Filter>
    </ClInclude>
    <ClInclude Include="Vertex.h">
      <Filter>Header Files</Filter>
    </ClInclude>
    <ClInclude Include="VertexContext.h">
      <Filter>Header Files</Filter>
    </ClInclude>
  </ItemGroup>
  <ItemGroup>
    <CustomBuild Include="CMakeLists.txt" />
  </ItemGroup>
  <ItemGroup>
    <Filter Include="Source Files">
      <UniqueIdentifier>{98822FB1-C2F6-448D-9FC5-322FE113AFDE}</UniqueIdentifier>
    </Filter>
    <Filter Include="Header Files">
      <UniqueIdentifier>{109D4E88-C178-4F76-AB08-4742C260A49D}</UniqueIdentifier>
    </Filter>
  </ItemGroup>
</Project>
