<?xml version="1.0" encoding="utf-8"?>
<Project ToolsVersion="4.0" xmlns="http://schemas.microsoft.com/developer/msbuild/2003">
  <ItemGroup>
    <ClCompile Include="src\o3dgcDynamicVectorEncoder.cpp">
      <Filter>Source Files</Filter>
    </ClCompile>
  </ItemGroup>
  <ItemGroup>
    <ClInclude Include="inc\o3dgcDynamicVectorEncoder.h">
      <Filter>Header Files</Filter>
    </ClInclude>
    <ClInclude Include="inc\o3dgcSC3DMCEncoder.h">
      <Filter>Header Files</Filter>
    </ClInclude>
    <ClInclude Include="inc\o3dgcTriangleListEncoder.h">
      <Filter>Header Files</Filter>
    </ClInclude>
    <ClInclude Include="inc\o3dgcSC3DMCEncoder.inl">
      <Filter>Header Files</Filter>
    </ClInclude>
    <ClInclude Include="inc\o3dgcTriangleListEncoder.inl">
      <Filter>Header Files</Filter>
    </ClInclude>
  </ItemGroup>
  <ItemGroup>
    <CustomBuild Include="CMakeLists.txt" />
  </ItemGroup>
  <ItemGroup>
    <Filter Include="Source Files">
      <UniqueIdentifier>{98822FB1-C2F6-448D-9FC5-322FE113AFDE}</UniqueIdentifier>
    </Filter>
    <Filter Include="Header Files">
      <UniqueIdentifier>{109D4E88-C178-4F76-AB08-4742C260A49D}</UniqueIdentifier>
    </Filter>
  </ItemGroup>
</Project>
