<?xml version="1.0" encoding="utf-8"?>
<Project ToolsVersion="4.0" xmlns="http://schemas.microsoft.com/developer/msbuild/2003">
  <ItemGroup>
    <ClCompile Include="3ds.cpp">
      <Filter>Source Files</Filter>
    </ClCompile>
    <ClCompile Include="common.cpp">
      <Filter>Source Files</Filter>
    </ClCompile>
    <ClCompile Include="convoptions.cpp">
      <Filter>Source Files</Filter>
    </ClCompile>
    <ClCompile Include="ctm.cpp">
      <Filter>Source Files</Filter>
    </ClCompile>
    <ClCompile Include="ctmbench.cpp">
      <Filter>Source Files</Filter>
    </ClCompile>
    <ClCompile Include="ctmconv.cpp">
      <Filter>Source Files</Filter>
    </ClCompile>
    <ClCompile Include="dae.cpp">
      <Filter>Source Files</Filter>
    </ClCompile>
    <ClCompile Include="famc.cpp">
      <Filter>Source Files</Filter>
    </ClCompile>
    <ClCompile Include="lwo.cpp">
      <Filter>Source Files</Filter>
    </ClCompile>
    <ClCompile Include="mesh.cpp">
      <Filter>Source Files</Filter>
    </ClCompile>
    <ClCompile Include="meshio.cpp">
      <Filter>Source Files</Filter>
    </ClCompile>
    <ClCompile Include="obj.cpp">
      <Filter>Source Files</Filter>
    </ClCompile>
    <ClCompile Include="off.cpp">
      <Filter>Source Files</Filter>
    </ClCompile>
    <ClCompile Include="ply.cpp">
      <Filter>Source Files</Filter>
    </ClCompile>
    <ClCompile Include="stl.cpp">
      <Filter>Source Files</Filter>
    </ClCompile>
    <ClCompile Include="sysdialog_win.cpp">
      <Filter>Source Files</Filter>
    </ClCompile>
    <ClCompile Include="systimer.cpp">
      <Filter>Source Files</Filter>
    </ClCompile>
    <ClCompile Include="wrl.cpp">
      <Filter>Source Files</Filter>
    </ClCompile>
  </ItemGroup>
  <ItemGroup>
    <ClInclude Include="3ds.h">
      <Filter>Header Files</Filter>
    </ClInclude>
    <ClInclude Include="common.h">
      <Filter>Header Files</Filter>
    </ClInclude>
    <ClInclude Include="convoptions.h">
      <Filter>Header Files</Filter>
    </ClInclude>
    <ClInclude Include="ctm.h">
      <Filter>Header Files</Filter>
    </ClInclude>
    <ClInclude Include="dae.h">
      <Filter>Header Files</Filter>
    </ClInclude>
    <ClInclude Include="dirent_win32.h">
      <Filter>Header Files</Filter>
    </ClInclude>
    <ClInclude Include="famc.h">
      <Filter>Header Files</Filter>
    </ClInclude>
    <ClInclude Include="lwo.h">
      <Filter>Header Files</Filter>
    </ClInclude>
    <ClInclude Include="mesh.h">
      <Filter>Header Files</Filter>
    </ClInclude>
    <ClInclude Include="meshio.h">
      <Filter>Header Files</Filter>
    </ClInclude>
    <ClInclude Include="obj.h">
      <Filter>Header Files</Filter>
    </ClInclude>
    <ClInclude Include="off.h">
      <Filter>Header Files</Filter>
    </ClInclude>
    <ClInclude Include="openctm.h">
      <Filter>Header Files</Filter>
    </ClInclude>
    <ClInclude Include="openctmpp.h">
      <Filter>Header Files</Filter>
    </ClInclude>
    <ClInclude Include="phong_frag.h">
      <Filter>Header Files</Filter>
    </ClInclude>
    <ClInclude Include="phong_vert.h">
      <Filter>Header Files</Filter>
    </ClInclude>
    <ClInclude Include="ply.h">
      <Filter>Header Files</Filter>
    </ClInclude>
    <ClInclude Include="stl.h">
      <Filter>Header Files</Filter>
    </ClInclude>
    <ClInclude Include="sysdialog.h">
      <Filter>Header Files</Filter>
    </ClInclude>
    <ClInclude Include="systimer.h">
      <Filter>Header Files</Filter>
    </ClInclude>
    <ClInclude Include="wrl.h">
      <Filter>Header Files</Filter>
    </ClInclude>
  </ItemGroup>
  <ItemGroup>
    <CustomBuild Include="CMakeLists.txt" />
  </ItemGroup>
  <ItemGroup>
    <Filter Include="Source Files">
      <UniqueIdentifier>{98822FB1-C2F6-448D-9FC5-322FE113AFDE}</UniqueIdentifier>
    </Filter>
    <Filter Include="Header Files">
      <UniqueIdentifier>{109D4E88-C178-4F76-AB08-4742C260A49D}</UniqueIdentifier>
    </Filter>
  </ItemGroup>
</Project>
