Microsoft Visual Studio Solution File, Format Version 11.00
# Visual Studio 2010
Project("{8BC9CEB8-8B4A-11D0-8D11-00A0C91BC942}") = "ALL_BUILD", "ALL_BUILD.vcxproj", "{1910E0E6-FC77-4F47-B0AE-1EF426D28E22}"
	ProjectSection(ProjectDependencies) = postProject
		{610719B7-0782-4CBB-87E1-DD323EF0F51E} = {610719B7-0782-4CBB-87E1-DD323EF0F51E}
		{C80BF5B7-D73D-4E62-A93C-54AD4A042E0A} = {C80BF5B7-D73D-4E62-A93C-54AD4A042E0A}
		{445D4864-0103-4B08-B270-C5ED70AAD219} = {445D4864-0103-4B08-B270-C5ED70AAD219}
		{D788D3CF-7546-47E1-8179-65826F1A03E1} = {D788D3CF-7546-47E1-8179-65826F1A03E1}
		{3DD386E1-1C8E-45C1-B59D-85675E274FC4} = {3DD386E1-1C8E-45C1-B59D-85675E274FC4}
		{DC915D0E-36B4-43BD-A0C7-645A2507AF12} = {DC915D0E-36B4-43BD-A0C7-645A2507AF12}
	EndProjectSection
EndProject
Project("{8BC9CEB8-8B4A-11D0-8D11-00A0C91BC942}") = "BaseFAMC", "..\BaseFAMC\BaseFAMC.vcxproj", "{D01515DA-1679-4070-B5BA-414A951C90BA}"
	ProjectSection(ProjectDependencies) = postProject
		{9686F04D-DBBC-4B01-80E3-1078E458EF4E} = {9686F04D-DBBC-4B01-80E3-1078E458EF4E}
	EndProjectSection
EndProject
Project("{8BC9CEB8-8B4A-11D0-8D11-00A0C91BC942}") = "CTM-TOOLS", "CTM-TOOLS.vcxproj", "{610719B7-0782-4CBB-87E1-DD323EF0F51E}"
	ProjectSection(ProjectDependencies) = postProject
		{D01515DA-1679-4070-B5BA-414A951C90BA} = {D01515DA-1679-4070-B5BA-414A951C90BA}
		{D59498F5-098C-4FB7-A4FD-9266D2C858C2} = {D59498F5-098C-4FB7-A4FD-9266D2C858C2}
		{9686F04D-DBBC-4B01-80E3-1078E458EF4E} = {9686F04D-DBBC-4B01-80E3-1078E458EF4E}
		{2C150189-EA92-4405-BCD2-69A080E75373} = {2C150189-EA92-4405-BCD2-69A080E75373}
		{5DCF8A02-34E0-42CB-A7DE-7524E16A20F8} = {5DCF8A02-34E0-42CB-A7DE-7524E16A20F8}
		{3DD386E1-1C8E-45C1-B59D-85675E274FC4} = {3DD386E1-1C8E-45C1-B59D-85675E274FC4}
		{DC915D0E-36B4-43BD-A0C7-645A2507AF12} = {DC915D0E-36B4-43BD-A0C7-645A2507AF12}
	EndProjectSection
EndProject
Project("{8BC9CEB8-8B4A-11D0-8D11-00A0C91BC942}") = "FAMCCodec", "..\FAMCCodec\FAMCCodec.vcxproj", "{D59498F5-098C-4FB7-A4FD-9266D2C858C2}"
	ProjectSection(ProjectDependencies) = postProject
		{D01515DA-1679-4070-B5BA-414A951C90BA} = {D01515DA-1679-4070-B5BA-414A951C90BA}
		{9686F04D-DBBC-4B01-80E3-1078E458EF4E} = {9686F04D-DBBC-4B01-80E3-1078E458EF4E}
		{2C150189-EA92-4405-BCD2-69A080E75373} = {2C150189-EA92-4405-BCD2-69A080E75373}
	EndProjectSection
EndProject
Project("{8BC9CEB8-8B4A-11D0-8D11-00A0C91BC942}") = "GLEW", "glew\GLEW.vcxproj", "{C80BF5B7-D73D-4E62-A93C-54AD4A042E0A}"
	ProjectSection(ProjectDependencies) = postProject
		{9686F04D-DBBC-4B01-80E3-1078E458EF4E} = {9686F04D-DBBC-4B01-80E3-1078E458EF4E}
	EndProjectSection
EndProject
Project("{8BC9CEB8-8B4A-11D0-8D11-00A0C91BC942}") = "TINYXML", "tinyxml\TINYXML.vcxproj", "{445D4864-0103-4B08-B270-C5ED70AAD219}"
	ProjectSection(ProjectDependencies) = postProject
		{9686F04D-DBBC-4B01-80E3-1078E458EF4E} = {9686F04D-DBBC-4B01-80E3-1078E458EF4E}
	EndProjectSection
EndProject
Project("{8BC9CEB8-8B4A-11D0-8D11-00A0C91BC942}") = "ZERO_CHECK", "..\ZERO_CHECK.vcxproj", "{9686F04D-DBBC-4B01-80E3-1078E458EF4E}"
	ProjectSection(ProjectDependencies) = postProject
	EndProjectSection
EndProject
Project("{8BC9CEB8-8B4A-11D0-8D11-00A0C91BC942}") = "ZLIB", "zlib\ZLIB.vcxproj", "{D788D3CF-7546-47E1-8179-65826F1A03E1}"
	ProjectSection(ProjectDependencies) = postProject
		{9686F04D-DBBC-4B01-80E3-1078E458EF4E} = {9686F04D-DBBC-4B01-80E3-1078E458EF4E}
	EndProjectSection
EndProject
Project("{8BC9CEB8-8B4A-11D0-8D11-00A0C91BC942}") = "ld3dmc", "..\ld3dmc\ld3dmc.vcxproj", "{2C150189-EA92-4405-BCD2-69A080E75373}"
	ProjectSection(ProjectDependencies) = postProject
		{9686F04D-DBBC-4B01-80E3-1078E458EF4E} = {9686F04D-DBBC-4B01-80E3-1078E458EF4E}
	EndProjectSection
EndProject
Project("{8BC9CEB8-8B4A-11D0-8D11-00A0C91BC942}") = "openctmlib", "..\openctmlib\openctmlib.vcxproj", "{5DCF8A02-34E0-42CB-A7DE-7524E16A20F8}"
	ProjectSection(ProjectDependencies) = postProject
		{9686F04D-DBBC-4B01-80E3-1078E458EF4E} = {9686F04D-DBBC-4B01-80E3-1078E458EF4E}
	EndProjectSection
EndProject
Project("{8BC9CEB8-8B4A-11D0-8D11-00A0C91BC942}") = "pnglite", "pnglite\pnglite.vcxproj", "{3DD386E1-1C8E-45C1-B59D-85675E274FC4}"
	ProjectSection(ProjectDependencies) = postProject
		{9686F04D-DBBC-4B01-80E3-1078E458EF4E} = {9686F04D-DBBC-4B01-80E3-1078E458EF4E}
	EndProjectSection
EndProject
Project("{8BC9CEB8-8B4A-11D0-8D11-00A0C91BC942}") = "rply", "rply\rply.vcxproj", "{DC915D0E-36B4-43BD-A0C7-645A2507AF12}"
	ProjectSection(ProjectDependencies) = postProject
		{9686F04D-DBBC-4B01-80E3-1078E458EF4E} = {9686F04D-DBBC-4B01-80E3-1078E458EF4E}
	EndProjectSection
EndProject
Global
	GlobalSection(SolutionConfigurationPlatforms) = preSolution
		Debug|x64 = Debug|x64
		Release|x64 = Release|x64
		MinSizeRel|x64 = MinSizeRel|x64
		RelWithDebInfo|x64 = RelWithDebInfo|x64
	EndGlobalSection
	GlobalSection(ProjectConfigurationPlatforms) = postSolution
		{1910E0E6-FC77-4F47-B0AE-1EF426D28E22}.Debug|x64.ActiveCfg = Debug|x64
		{1910E0E6-FC77-4F47-B0AE-1EF426D28E22}.Release|x64.ActiveCfg = Release|x64
		{1910E0E6-FC77-4F47-B0AE-1EF426D28E22}.MinSizeRel|x64.ActiveCfg = MinSizeRel|x64
		{1910E0E6-FC77-4F47-B0AE-1EF426D28E22}.RelWithDebInfo|x64.ActiveCfg = RelWithDebInfo|x64
		{D01515DA-1679-4070-B5BA-414A951C90BA}.Debug|x64.ActiveCfg = Debug|x64
		{D01515DA-1679-4070-B5BA-414A951C90BA}.Debug|x64.Build.0 = Debug|x64
		{D01515DA-1679-4070-B5BA-414A951C90BA}.Release|x64.ActiveCfg = Release|x64
		{D01515DA-1679-4070-B5BA-414A951C90BA}.Release|x64.Build.0 = Release|x64
		{D01515DA-1679-4070-B5BA-414A951C90BA}.MinSizeRel|x64.ActiveCfg = MinSizeRel|x64
		{D01515DA-1679-4070-B5BA-414A951C90BA}.MinSizeRel|x64.Build.0 = MinSizeRel|x64
		{D01515DA-1679-4070-B5BA-414A951C90BA}.RelWithDebInfo|x64.ActiveCfg = RelWithDebInfo|x64
		{D01515DA-1679-4070-B5BA-414A951C90BA}.RelWithDebInfo|x64.Build.0 = RelWithDebInfo|x64
		{610719B7-0782-4CBB-87E1-DD323EF0F51E}.Debug|x64.ActiveCfg = Debug|x64
		{610719B7-0782-4CBB-87E1-DD323EF0F51E}.Debug|x64.Build.0 = Debug|x64
		{610719B7-0782-4CBB-87E1-DD323EF0F51E}.Release|x64.ActiveCfg = Release|x64
		{610719B7-0782-4CBB-87E1-DD323EF0F51E}.Release|x64.Build.0 = Release|x64
		{610719B7-0782-4CBB-87E1-DD323EF0F51E}.MinSizeRel|x64.ActiveCfg = MinSizeRel|x64
		{610719B7-0782-4CBB-87E1-DD323EF0F51E}.MinSizeRel|x64.Build.0 = MinSizeRel|x64
		{610719B7-0782-4CBB-87E1-DD323EF0F51E}.RelWithDebInfo|x64.ActiveCfg = RelWithDebInfo|x64
		{610719B7-0782-4CBB-87E1-DD323EF0F51E}.RelWithDebInfo|x64.Build.0 = RelWithDebInfo|x64
		{D59498F5-098C-4FB7-A4FD-9266D2C858C2}.Debug|x64.ActiveCfg = Debug|x64
		{D59498F5-098C-4FB7-A4FD-9266D2C858C2}.Debug|x64.Build.0 = Debug|x64
		{D59498F5-098C-4FB7-A4FD-9266D2C858C2}.Release|x64.ActiveCfg = Release|x64
		{D59498F5-098C-4FB7-A4FD-9266D2C858C2}.Release|x64.Build.0 = Release|x64
		{D59498F5-098C-4FB7-A4FD-9266D2C858C2}.MinSizeRel|x64.ActiveCfg = MinSizeRel|x64
		{D59498F5-098C-4FB7-A4FD-9266D2C858C2}.MinSizeRel|x64.Build.0 = MinSizeRel|x64
		{D59498F5-098C-4FB7-A4FD-9266D2C858C2}.RelWithDebInfo|x64.ActiveCfg = RelWithDebInfo|x64
		{D59498F5-098C-4FB7-A4FD-9266D2C858C2}.RelWithDebInfo|x64.Build.0 = RelWithDebInfo|x64
		{C80BF5B7-D73D-4E62-A93C-54AD4A042E0A}.Debug|x64.ActiveCfg = Debug|x64
		{C80BF5B7-D73D-4E62-A93C-54AD4A042E0A}.Debug|x64.Build.0 = Debug|x64
		{C80BF5B7-D73D-4E62-A93C-54AD4A042E0A}.Release|x64.ActiveCfg = Release|x64
		{C80BF5B7-D73D-4E62-A93C-54AD4A042E0A}.Release|x64.Build.0 = Release|x64
		{C80BF5B7-D73D-4E62-A93C-54AD4A042E0A}.MinSizeRel|x64.ActiveCfg = MinSizeRel|x64
		{C80BF5B7-D73D-4E62-A93C-54AD4A042E0A}.MinSizeRel|x64.Build.0 = MinSizeRel|x64
		{C80BF5B7-D73D-4E62-A93C-54AD4A042E0A}.RelWithDebInfo|x64.ActiveCfg = RelWithDebInfo|x64
		{C80BF5B7-D73D-4E62-A93C-54AD4A042E0A}.RelWithDebInfo|x64.Build.0 = RelWithDebInfo|x64
		{445D4864-0103-4B08-B270-C5ED70AAD219}.Debug|x64.ActiveCfg = Debug|x64
		{445D4864-0103-4B08-B270-C5ED70AAD219}.Debug|x64.Build.0 = Debug|x64
		{445D4864-0103-4B08-B270-C5ED70AAD219}.Release|x64.ActiveCfg = Release|x64
		{445D4864-0103-4B08-B270-C5ED70AAD219}.Release|x64.Build.0 = Release|x64
		{445D4864-0103-4B08-B270-C5ED70AAD219}.MinSizeRel|x64.ActiveCfg = MinSizeRel|x64
		{445D4864-0103-4B08-B270-C5ED70AAD219}.MinSizeRel|x64.Build.0 = MinSizeRel|x64
		{445D4864-0103-4B08-B270-C5ED70AAD219}.RelWithDebInfo|x64.ActiveCfg = RelWithDebInfo|x64
		{445D4864-0103-4B08-B270-C5ED70AAD219}.RelWithDebInfo|x64.Build.0 = RelWithDebInfo|x64
		{9686F04D-DBBC-4B01-80E3-1078E458EF4E}.Debug|x64.ActiveCfg = Debug|x64
		{9686F04D-DBBC-4B01-80E3-1078E458EF4E}.Debug|x64.Build.0 = Debug|x64
		{9686F04D-DBBC-4B01-80E3-1078E458EF4E}.Release|x64.ActiveCfg = Release|x64
		{9686F04D-DBBC-4B01-80E3-1078E458EF4E}.Release|x64.Build.0 = Release|x64
		{9686F04D-DBBC-4B01-80E3-1078E458EF4E}.MinSizeRel|x64.ActiveCfg = MinSizeRel|x64
		{9686F04D-DBBC-4B01-80E3-1078E458EF4E}.MinSizeRel|x64.Build.0 = MinSizeRel|x64
		{9686F04D-DBBC-4B01-80E3-1078E458EF4E}.RelWithDebInfo|x64.ActiveCfg = RelWithDebInfo|x64
		{9686F04D-DBBC-4B01-80E3-1078E458EF4E}.RelWithDebInfo|x64.Build.0 = RelWithDebInfo|x64
		{D788D3CF-7546-47E1-8179-65826F1A03E1}.Debug|x64.ActiveCfg = Debug|x64
		{D788D3CF-7546-47E1-8179-65826F1A03E1}.Debug|x64.Build.0 = Debug|x64
		{D788D3CF-7546-47E1-8179-65826F1A03E1}.Release|x64.ActiveCfg = Release|x64
		{D788D3CF-7546-47E1-8179-65826F1A03E1}.Release|x64.Build.0 = Release|x64
		{D788D3CF-7546-47E1-8179-65826F1A03E1}.MinSizeRel|x64.ActiveCfg = MinSizeRel|x64
		{D788D3CF-7546-47E1-8179-65826F1A03E1}.MinSizeRel|x64.Build.0 = MinSizeRel|x64
		{D788D3CF-7546-47E1-8179-65826F1A03E1}.RelWithDebInfo|x64.ActiveCfg = RelWithDebInfo|x64
		{D788D3CF-7546-47E1-8179-65826F1A03E1}.RelWithDebInfo|x64.Build.0 = RelWithDebInfo|x64
		{2C150189-EA92-4405-BCD2-69A080E75373}.Debug|x64.ActiveCfg = Debug|x64
		{2C150189-EA92-4405-BCD2-69A080E75373}.Debug|x64.Build.0 = Debug|x64
		{2C150189-EA92-4405-BCD2-69A080E75373}.Release|x64.ActiveCfg = Release|x64
		{2C150189-EA92-4405-BCD2-69A080E75373}.Release|x64.Build.0 = Release|x64
		{2C150189-EA92-4405-BCD2-69A080E75373}.MinSizeRel|x64.ActiveCfg = MinSizeRel|x64
		{2C150189-EA92-4405-BCD2-69A080E75373}.MinSizeRel|x64.Build.0 = MinSizeRel|x64
		{2C150189-EA92-4405-BCD2-69A080E75373}.RelWithDebInfo|x64.ActiveCfg = RelWithDebInfo|x64
		{2C150189-EA92-4405-BCD2-69A080E75373}.RelWithDebInfo|x64.Build.0 = RelWithDebInfo|x64
		{5DCF8A02-34E0-42CB-A7DE-7524E16A20F8}.Debug|x64.ActiveCfg = Debug|x64
		{5DCF8A02-34E0-42CB-A7DE-7524E16A20F8}.Debug|x64.Build.0 = Debug|x64
		{5DCF8A02-34E0-42CB-A7DE-7524E16A20F8}.Release|x64.ActiveCfg = Release|x64
		{5DCF8A02-34E0-42CB-A7DE-7524E16A20F8}.Release|x64.Build.0 = Release|x64
		{5DCF8A02-34E0-42CB-A7DE-7524E16A20F8}.MinSizeRel|x64.ActiveCfg = MinSizeRel|x64
		{5DCF8A02-34E0-42CB-A7DE-7524E16A20F8}.MinSizeRel|x64.Build.0 = MinSizeRel|x64
		{5DCF8A02-34E0-42CB-A7DE-7524E16A20F8}.RelWithDebInfo|x64.ActiveCfg = RelWithDebInfo|x64
		{5DCF8A02-34E0-42CB-A7DE-7524E16A20F8}.RelWithDebInfo|x64.Build.0 = RelWithDebInfo|x64
		{3DD386E1-1C8E-45C1-B59D-85675E274FC4}.Debug|x64.ActiveCfg = Debug|x64
		{3DD386E1-1C8E-45C1-B59D-85675E274FC4}.Debug|x64.Build.0 = Debug|x64
		{3DD386E1-1C8E-45C1-B59D-85675E274FC4}.Release|x64.ActiveCfg = Release|x64
		{3DD386E1-1C8E-45C1-B59D-85675E274FC4}.Release|x64.Build.0 = Release|x64
		{3DD386E1-1C8E-45C1-B59D-85675E274FC4}.MinSizeRel|x64.ActiveCfg = MinSizeRel|x64
		{3DD386E1-1C8E-45C1-B59D-85675E274FC4}.MinSizeRel|x64.Build.0 = MinSizeRel|x64
		{3DD386E1-1C8E-45C1-B59D-85675E274FC4}.RelWithDebInfo|x64.ActiveCfg = RelWithDebInfo|x64
		{3DD386E1-1C8E-45C1-B59D-85675E274FC4}.RelWithDebInfo|x64.Build.0 = RelWithDebInfo|x64
		{DC915D0E-36B4-43BD-A0C7-645A2507AF12}.Debug|x64.ActiveCfg = Debug|x64
		{DC915D0E-36B4-43BD-A0C7-645A2507AF12}.Debug|x64.Build.0 = Debug|x64
		{DC915D0E-36B4-43BD-A0C7-645A2507AF12}.Release|x64.ActiveCfg = Release|x64
		{DC915D0E-36B4-43BD-A0C7-645A2507AF12}.Release|x64.Build.0 = Release|x64
		{DC915D0E-36B4-43BD-A0C7-645A2507AF12}.MinSizeRel|x64.ActiveCfg = MinSizeRel|x64
		{DC915D0E-36B4-43BD-A0C7-645A2507AF12}.MinSizeRel|x64.Build.0 = MinSizeRel|x64
		{DC915D0E-36B4-43BD-A0C7-645A2507AF12}.RelWithDebInfo|x64.ActiveCfg = RelWithDebInfo|x64
		{DC915D0E-36B4-43BD-A0C7-645A2507AF12}.RelWithDebInfo|x64.Build.0 = RelWithDebInfo|x64
	EndGlobalSection
	GlobalSection(ExtensibilityGlobals) = postSolution
	EndGlobalSection
	GlobalSection(ExtensibilityAddIns) = postSolution
	EndGlobalSection
EndGlobal
