<?xml version="1.0" encoding="utf-8"?>
<Project ToolsVersion="4.0" xmlns="http://schemas.microsoft.com/developer/msbuild/2003">
  <ItemGroup>
    <CustomBuild Include="CMakeFiles\4b29deea0e6e2ae40912c89bc7b94341\generate.stamp.rule">
      <Filter>CMake Rules</Filter>
    </CustomBuild>
    <CustomBuild Include="CMakeFiles\4b29deea0e6e2ae40912c89bc7b94341\ZERO_CHECK.rule">
      <Filter>CMake Rules</Filter>
    </CustomBuild>
  </ItemGroup>
  <ItemGroup>
    <None Include="CMakeFiles\ZERO_CHECK" />
  </ItemGroup>
  <ItemGroup>
    <Filter Include="CMake Rules">
      <UniqueIdentifier>{D5A24B7E-BCD0-4E0E-9F9B-A7102E7A67A5}</UniqueIdentifier>
    </Filter>
  </ItemGroup>
</Project>
